
Microsoft Visual Studio Solution File, Format Version 12.00
# Visual Studio Version 17
VisualStudioVersion = 17.3.32505.426
MinimumVisualStudioVersion = 10.0.40219.1
Project("{9A19103F-16F7-4668-BE54-9A1E7A4F7556}") = "OSS-PhotoBooth.App", "OSS-PhotoBooth.App\OSS-PhotoBooth.App.csproj", "{9339B5A6-82AA-4995-863F-891AA0480B57}"
EndProject
Project("{9A19103F-16F7-4668-BE54-9A1E7A4F7556}") = "OSS-PhotoBooth.Core", "OSS-PhotoBooth.Core\OSS-PhotoBooth.Core.csproj", "{4C5F595C-D261-41E5-969A-0DA626A55D06}"
EndProject
Project("{9A19103F-16F7-4668-BE54-9A1E7A4F7556}") = "OSS-PhotBooth.Core.Tests.Unit", "OSS-PhotBooth.Core.Tests.Unit\OSS-PhotBooth.Core.Tests.Unit.csproj", "{20F1F4F1-3E13-4A99-B4B7-CFEA9A691DF1}"
EndProject
Project("{FAE04EC0-301F-11D3-BF4B-00C04F79EFBC}") = "OSS-PhotoBooth.Razor", "OSS-PhotoBooth.Razor\OSS-PhotoBooth.Razor.csproj", "{8B3F68C2-DB1C-4DB3-B73C-CDED66C53543}"
EndProject
Global
	GlobalSection(SolutionConfigurationPlatforms) = preSolution
		Debug|Any CPU = Debug|Any CPU
		Release|Any CPU = Release|Any CPU
	EndGlobalSection
	GlobalSection(ProjectConfigurationPlatforms) = postSolution
		{9339B5A6-82AA-4995-863F-891AA0480B57}.Debug|Any CPU.ActiveCfg = Debug|Any CPU
		{9339B5A6-82AA-4995-863F-891AA0480B57}.Debug|Any CPU.Build.0 = Debug|Any CPU
		{9339B5A6-82AA-4995-863F-891AA0480B57}.Debug|Any CPU.Deploy.0 = Debug|Any CPU
		{9339B5A6-82AA-4995-863F-891AA0480B57}.Release|Any CPU.ActiveCfg = Release|Any CPU
		{9339B5A6-82AA-4995-863F-891AA0480B57}.Release|Any CPU.Build.0 = Release|Any CPU
		{9339B5A6-82AA-4995-863F-891AA0480B57}.Release|Any CPU.Deploy.0 = Release|Any CPU
		{4C5F595C-D261-41E5-969A-0DA626A55D06}.Debug|Any CPU.ActiveCfg = Debug|Any CPU
		{4C5F595C-D261-41E5-969A-0DA626A55D06}.Debug|Any CPU.Build.0 = Debug|Any CPU
		{4C5F595C-D261-41E5-969A-0DA626A55D06}.Release|Any CPU.ActiveCfg = Release|Any CPU
		{4C5F595C-D261-41E5-969A-0DA626A55D06}.Release|Any CPU.Build.0 = Release|Any CPU
		{20F1F4F1-3E13-4A99-B4B7-CFEA9A691DF1}.Debug|Any CPU.ActiveCfg = Debug|Any CPU
		{20F1F4F1-3E13-4A99-B4B7-CFEA9A691DF1}.Debug|Any CPU.Build.0 = Debug|Any CPU
		{20F1F4F1-3E13-4A99-B4B7-CFEA9A691DF1}.Release|Any CPU.ActiveCfg = Release|Any CPU
		{20F1F4F1-3E13-4A99-B4B7-CFEA9A691DF1}.Release|Any CPU.Build.0 = Release|Any CPU
		{8B3F68C2-DB1C-4DB3-B73C-CDED66C53543}.Debug|Any CPU.ActiveCfg = Debug|Any CPU
		{8B3F68C2-DB1C-4DB3-B73C-CDED66C53543}.Debug|Any CPU.Build.0 = Debug|Any CPU
		{8B3F68C2-DB1C-4DB3-B73C-CDED66C53543}.Release|Any CPU.ActiveCfg = Release|Any CPU
		{8B3F68C2-DB1C-4DB3-B73C-CDED66C53543}.Release|Any CPU.Build.0 = Release|Any CPU
	EndGlobalSection
	GlobalSection(SolutionProperties) = preSolution
		HideSolutionNode = FALSE
	EndGlobalSection
	GlobalSection(ExtensibilityGlobals) = postSolution
		SolutionGuid = {CA76B593-D320-446B-8CD4-2662F3432168}
	EndGlobalSection
EndGlobal
